// !$*UTF8*$!
{
	archiveVersion = 1;
	classes = {
	};
	objectVersion = 46;
	objects = {

/* Begin PBXBuildFile section */
		05BBA3EF1F316C8662A13FE8 /* Pods_BLEProject.framework in Frameworks */ = {isa = PBXBuildFile; fileRef = 7EAC291DF4C738EF5F3B82C1 /* Pods_BLEProject.framework */; };
		361880211F21E3CC00DC5CEF /* AudioRecorderManager.swift in Sources */ = {isa = PBXBuildFile; fileRef = 361880201F21E3CC00DC5CEF /* AudioRecorderManager.swift */; };
		363A04261F03580700788FE9 /* DisplayViewController.swift in Sources */ = {isa = PBXBuildFile; fileRef = 363A04241F03580700788FE9 /* DisplayViewController.swift */; };
		363A04271F03580700788FE9 /* DisplayViewController.xib in Resources */ = {isa = PBXBuildFile; fileRef = 363A04251F03580700788FE9 /* DisplayViewController.xib */; };
		363A042D1F037ADC00788FE9 /* UIColor-Hex-Swift.swift in Sources */ = {isa = PBXBuildFile; fileRef = 363A042A1F037ADC00788FE9 /* UIColor-Hex-Swift.swift */; };
		363A042E1F037ADC00788FE9 /* UIView+IBInspectable.swift in Sources */ = {isa = PBXBuildFile; fileRef = 363A042B1F037ADC00788FE9 /* UIView+IBInspectable.swift */; };
		363A042F1F037ADC00788FE9 /* UIView+IRAnimation.swift in Sources */ = {isa = PBXBuildFile; fileRef = 363A042C1F037ADC00788FE9 /* UIView+IRAnimation.swift */; };
		363B5ABB1F16FA0700F30D3F /* PopUpSetUpViewController.swift in Sources */ = {isa = PBXBuildFile; fileRef = 363B5AB91F16FA0700F30D3F /* PopUpSetUpViewController.swift */; };
		363B5ABC1F16FA0700F30D3F /* PopUpSetUpViewController.xib in Resources */ = {isa = PBXBuildFile; fileRef = 363B5ABA1F16FA0700F30D3F /* PopUpSetUpViewController.xib */; };
		363B5ABF1F16FA9100F30D3F /* SettingTableViewCell.swift in Sources */ = {isa = PBXBuildFile; fileRef = 363B5ABD1F16FA9100F30D3F /* SettingTableViewCell.swift */; };
		363B5AC01F16FA9100F30D3F /* SettingTableViewCell.xib in Resources */ = {isa = PBXBuildFile; fileRef = 363B5ABE1F16FA9100F30D3F /* SettingTableViewCell.xib */; };
		3640D1991F023667001415F0 /* TestingViewController.swift in Sources */ = {isa = PBXBuildFile; fileRef = 3640D1971F023667001415F0 /* TestingViewController.swift */; };
		3640D19A1F023667001415F0 /* TestingViewController.xib in Resources */ = {isa = PBXBuildFile; fileRef = 3640D1981F023667001415F0 /* TestingViewController.xib */; };
		364A97A91F1458DA0053D948 /* UIController.xib in Resources */ = {isa = PBXBuildFile; fileRef = 364A97A81F1458DA0053D948 /* UIController.xib */; };
		364A97AB1F1462CB0053D948 /* UIController.swift in Sources */ = {isa = PBXBuildFile; fileRef = 364A97AA1F1462CB0053D948 /* UIController.swift */; };
		3663C1141F0B212800E5F76E /* MainViewController.swift in Sources */ = {isa = PBXBuildFile; fileRef = 3663C1121F0B212800E5F76E /* MainViewController.swift */; };
		3663C1151F0B212800E5F76E /* MainViewController.xib in Resources */ = {isa = PBXBuildFile; fileRef = 3663C1131F0B212800E5F76E /* MainViewController.xib */; };
		3663C1191F0B3B7000E5F76E /* ControllButtonViewController.swift in Sources */ = {isa = PBXBuildFile; fileRef = 3663C1171F0B3B7000E5F76E /* ControllButtonViewController.swift */; };
		3663C11A1F0B3B7000E5F76E /* ControllButtonViewController.xib in Resources */ = {isa = PBXBuildFile; fileRef = 3663C1181F0B3B7000E5F76E /* ControllButtonViewController.xib */; };
		3663C11E1F0B42A300E5F76E /* PopUpViewController.swift in Sources */ = {isa = PBXBuildFile; fileRef = 3663C11C1F0B42A300E5F76E /* PopUpViewController.swift */; };
		3663C11F1F0B42A300E5F76E /* PopUpViewController.xib in Resources */ = {isa = PBXBuildFile; fileRef = 3663C11D1F0B42A300E5F76E /* PopUpViewController.xib */; };
		3663C1211F0B468900E5F76E /* TmpValue.swift in Sources */ = {isa = PBXBuildFile; fileRef = 3663C1201F0B468900E5F76E /* TmpValue.swift */; };
		368765F61EFC9E77004082DB /* AppDelegate.swift in Sources */ = {isa = PBXBuildFile; fileRef = 368765F51EFC9E77004082DB /* AppDelegate.swift */; };
		368765F81EFC9E77004082DB /* ViewController.swift in Sources */ = {isa = PBXBuildFile; fileRef = 368765F71EFC9E77004082DB /* ViewController.swift */; };
		368765FB1EFC9E77004082DB /* Main.storyboard in Resources */ = {isa = PBXBuildFile; fileRef = 368765F91EFC9E77004082DB /* Main.storyboard */; };
		368765FD1EFC9E77004082DB /* Assets.xcassets in Resources */ = {isa = PBXBuildFile; fileRef = 368765FC1EFC9E77004082DB /* Assets.xcassets */; };
		368766001EFC9E77004082DB /* LaunchScreen.storyboard in Resources */ = {isa = PBXBuildFile; fileRef = 368765FE1EFC9E77004082DB /* LaunchScreen.storyboard */; };
		3687660B1EFC9F18004082DB /* ScanningViewController.swift in Sources */ = {isa = PBXBuildFile; fileRef = 368766091EFC9F18004082DB /* ScanningViewController.swift */; };
		3687660C1EFC9F18004082DB /* ScanningViewController.xib in Resources */ = {isa = PBXBuildFile; fileRef = 3687660A1EFC9F18004082DB /* ScanningViewController.xib */; };
		3687660F1EFC9FA6004082DB /* BaseViewController.swift in Sources */ = {isa = PBXBuildFile; fileRef = 3687660E1EFC9FA6004082DB /* BaseViewController.swift */; };
		368766131EFCA470004082DB /* DeviceTableViewCell.swift in Sources */ = {isa = PBXBuildFile; fileRef = 368766111EFCA470004082DB /* DeviceTableViewCell.swift */; };
		368766141EFCA470004082DB /* DeviceTableViewCell.xib in Resources */ = {isa = PBXBuildFile; fileRef = 368766121EFCA470004082DB /* DeviceTableViewCell.xib */; };
		368C460D1F21864B008D2CEB /* ListSongsViewController.swift in Sources */ = {isa = PBXBuildFile; fileRef = 368C460B1F21864B008D2CEB /* ListSongsViewController.swift */; };
		368C460E1F21864B008D2CEB /* ListSongsViewController.xib in Resources */ = {isa = PBXBuildFile; fileRef = 368C460C1F21864B008D2CEB /* ListSongsViewController.xib */; };
		368C46121F21867F008D2CEB /* SongTableViewCell.swift in Sources */ = {isa = PBXBuildFile; fileRef = 368C46101F21867F008D2CEB /* SongTableViewCell.swift */; };
		368C46131F21867F008D2CEB /* SongTableViewCell.xib in Resources */ = {isa = PBXBuildFile; fileRef = 368C46111F21867F008D2CEB /* SongTableViewCell.xib */; };
		368C46161F218F71008D2CEB /* MediaPlayer.framework in Frameworks */ = {isa = PBXBuildFile; fileRef = 368C46141F218F71008D2CEB /* MediaPlayer.framework */; };
		368C46171F218F71008D2CEB /* MediaToolbox.framework in Frameworks */ = {isa = PBXBuildFile; fileRef = 368C46151F218F71008D2CEB /* MediaToolbox.framework */; };
		368C46191F218F78008D2CEB /* AudioToolbox.framework in Frameworks */ = {isa = PBXBuildFile; fileRef = 368C46181F218F78008D2CEB /* AudioToolbox.framework */; };
		368C461D1F21CF0D008D2CEB /* RecordingViewController.swift in Sources */ = {isa = PBXBuildFile; fileRef = 368C461B1F21CF0D008D2CEB /* RecordingViewController.swift */; };
		368C461E1F21CF0D008D2CEB /* RecordingViewController.xib in Resources */ = {isa = PBXBuildFile; fileRef = 368C461C1F21CF0D008D2CEB /* RecordingViewController.xib */; };
		368F21131F15B29000730DD7 /* DesignableSlider.swift in Sources */ = {isa = PBXBuildFile; fileRef = 368F21121F15B29000730DD7 /* DesignableSlider.swift */; };
		369309701F2092B300A0D127 /* TypeButton.swift in Sources */ = {isa = PBXBuildFile; fileRef = 3693096F1F2092B300A0D127 /* TypeButton.swift */; };
		36E1C72E1F0CC46E00B84C04 /* ExternalAccessory.framework in Frameworks */ = {isa = PBXBuildFile; fileRef = 36E1C72D1F0CC46E00B84C04 /* ExternalAccessory.framework */; };
		36EBE2FF1F25942D002D6F1A /* AudioPlayerManager.swift in Sources */ = {isa = PBXBuildFile; fileRef = 36EBE2FE1F25942D002D6F1A /* AudioPlayerManager.swift */; };
		36F70DFC1F05F01B006429A2 /* ControllerViewController.swift in Sources */ = {isa = PBXBuildFile; fileRef = 36F70DFA1F05F01A006429A2 /* ControllerViewController.swift */; };
		36F70DFD1F05F01B006429A2 /* ControllerViewController.xib in Resources */ = {isa = PBXBuildFile; fileRef = 36F70DFB1F05F01A006429A2 /* ControllerViewController.xib */; };
/* End PBXBuildFile section */

/* Begin PBXFileReference section */
		1F130F43912325E999BFEFED /* Pods-BLEProject.debug.xcconfig */ = {isa = PBXFileReference; includeInIndex = 1; lastKnownFileType = text.xcconfig; name = "Pods-BLEProject.debug.xcconfig"; path = "Pods/Target Support Files/Pods-BLEProject/Pods-BLEProject.debug.xcconfig"; sourceTree = "<group>"; };
		361880201F21E3CC00DC5CEF /* AudioRecorderManager.swift */ = {isa = PBXFileReference; fileEncoding = 4; lastKnownFileType = sourcecode.swift; path = AudioRecorderManager.swift; sourceTree = "<group>"; };
		363A04241F03580700788FE9 /* DisplayViewController.swift */ = {isa = PBXFileReference; fileEncoding = 4; lastKnownFileType = sourcecode.swift; path = DisplayViewController.swift; sourceTree = "<group>"; };
		363A04251F03580700788FE9 /* DisplayViewController.xib */ = {isa = PBXFileReference; fileEncoding = 4; lastKnownFileType = file.xib; path = DisplayViewController.xib; sourceTree = "<group>"; };
		363A042A1F037ADC00788FE9 /* UIColor-Hex-Swift.swift */ = {isa = PBXFileReference; fileEncoding = 4; lastKnownFileType = sourcecode.swift; path = "UIColor-Hex-Swift.swift"; sourceTree = "<group>"; };
		363A042B1F037ADC00788FE9 /* UIView+IBInspectable.swift */ = {isa = PBXFileReference; fileEncoding = 4; lastKnownFileType = sourcecode.swift; path = "UIView+IBInspectable.swift"; sourceTree = "<group>"; };
		363A042C1F037ADC00788FE9 /* UIView+IRAnimation.swift */ = {isa = PBXFileReference; fileEncoding = 4; lastKnownFileType = sourcecode.swift; path = "UIView+IRAnimation.swift"; sourceTree = "<group>"; };
		363B5AB91F16FA0700F30D3F /* PopUpSetUpViewController.swift */ = {isa = PBXFileReference; fileEncoding = 4; lastKnownFileType = sourcecode.swift; path = PopUpSetUpViewController.swift; sourceTree = "<group>"; };
		363B5ABA1F16FA0700F30D3F /* PopUpSetUpViewController.xib */ = {isa = PBXFileReference; fileEncoding = 4; lastKnownFileType = file.xib; path = PopUpSetUpViewController.xib; sourceTree = "<group>"; };
		363B5ABD1F16FA9100F30D3F /* SettingTableViewCell.swift */ = {isa = PBXFileReference; fileEncoding = 4; lastKnownFileType = sourcecode.swift; path = SettingTableViewCell.swift; sourceTree = "<group>"; };
		363B5ABE1F16FA9100F30D3F /* SettingTableViewCell.xib */ = {isa = PBXFileReference; fileEncoding = 4; lastKnownFileType = file.xib; path = SettingTableViewCell.xib; sourceTree = "<group>"; };
		3640D1971F023667001415F0 /* TestingViewController.swift */ = {isa = PBXFileReference; fileEncoding = 4; lastKnownFileType = sourcecode.swift; path = TestingViewController.swift; sourceTree = "<group>"; };
		3640D1981F023667001415F0 /* TestingViewController.xib */ = {isa = PBXFileReference; fileEncoding = 4; lastKnownFileType = file.xib; path = TestingViewController.xib; sourceTree = "<group>"; };
		364A97A81F1458DA0053D948 /* UIController.xib */ = {isa = PBXFileReference; fileEncoding = 4; lastKnownFileType = file.xib; path = UIController.xib; sourceTree = "<group>"; };
		364A97AA1F1462CB0053D948 /* UIController.swift */ = {isa = PBXFileReference; fileEncoding = 4; lastKnownFileType = sourcecode.swift; path = UIController.swift; sourceTree = "<group>"; };
		3663C1121F0B212800E5F76E /* MainViewController.swift */ = {isa = PBXFileReference; fileEncoding = 4; lastKnownFileType = sourcecode.swift; path = MainViewController.swift; sourceTree = "<group>"; };
		3663C1131F0B212800E5F76E /* MainViewController.xib */ = {isa = PBXFileReference; fileEncoding = 4; lastKnownFileType = file.xib; path = MainViewController.xib; sourceTree = "<group>"; };
		3663C1171F0B3B7000E5F76E /* ControllButtonViewController.swift */ = {isa = PBXFileReference; fileEncoding = 4; lastKnownFileType = sourcecode.swift; path = ControllButtonViewController.swift; sourceTree = "<group>"; };
		3663C1181F0B3B7000E5F76E /* ControllButtonViewController.xib */ = {isa = PBXFileReference; fileEncoding = 4; lastKnownFileType = file.xib; path = ControllButtonViewController.xib; sourceTree = "<group>"; };
		3663C11C1F0B42A300E5F76E /* PopUpViewController.swift */ = {isa = PBXFileReference; fileEncoding = 4; lastKnownFileType = sourcecode.swift; path = PopUpViewController.swift; sourceTree = "<group>"; };
		3663C11D1F0B42A300E5F76E /* PopUpViewController.xib */ = {isa = PBXFileReference; fileEncoding = 4; lastKnownFileType = file.xib; path = PopUpViewController.xib; sourceTree = "<group>"; };
		3663C1201F0B468900E5F76E /* TmpValue.swift */ = {isa = PBXFileReference; fileEncoding = 4; lastKnownFileType = sourcecode.swift; path = TmpValue.swift; sourceTree = "<group>"; };
		368765F21EFC9E77004082DB /* BLEProject.app */ = {isa = PBXFileReference; explicitFileType = wrapper.application; includeInIndex = 0; path = BLEProject.app; sourceTree = BUILT_PRODUCTS_DIR; };
		368765F51EFC9E77004082DB /* AppDelegate.swift */ = {isa = PBXFileReference; lastKnownFileType = sourcecode.swift; path = AppDelegate.swift; sourceTree = "<group>"; };
		368765F71EFC9E77004082DB /* ViewController.swift */ = {isa = PBXFileReference; lastKnownFileType = sourcecode.swift; path = ViewController.swift; sourceTree = "<group>"; };
		368765FA1EFC9E77004082DB /* Base */ = {isa = PBXFileReference; lastKnownFileType = file.storyboard; name = Base; path = Base.lproj/Main.storyboard; sourceTree = "<group>"; };
		368765FC1EFC9E77004082DB /* Assets.xcassets */ = {isa = PBXFileReference; lastKnownFileType = folder.assetcatalog; path = Assets.xcassets; sourceTree = "<group>"; };
		368765FF1EFC9E77004082DB /* Base */ = {isa = PBXFileReference; lastKnownFileType = file.storyboard; name = Base; path = Base.lproj/LaunchScreen.storyboard; sourceTree = "<group>"; };
		368766011EFC9E77004082DB /* Info.plist */ = {isa = PBXFileReference; lastKnownFileType = text.plist.xml; path = Info.plist; sourceTree = "<group>"; };
		368766091EFC9F18004082DB /* ScanningViewController.swift */ = {isa = PBXFileReference; fileEncoding = 4; lastKnownFileType = sourcecode.swift; name = ScanningViewController.swift; path = Controller/ScanningViewController/ScanningViewController.swift; sourceTree = "<group>"; };
		3687660A1EFC9F18004082DB /* ScanningViewController.xib */ = {isa = PBXFileReference; fileEncoding = 4; lastKnownFileType = file.xib; name = ScanningViewController.xib; path = Controller/ScanningViewController/ScanningViewController.xib; sourceTree = "<group>"; };
		3687660E1EFC9FA6004082DB /* BaseViewController.swift */ = {isa = PBXFileReference; fileEncoding = 4; lastKnownFileType = sourcecode.swift; path = BaseViewController.swift; sourceTree = "<group>"; };
		368766111EFCA470004082DB /* DeviceTableViewCell.swift */ = {isa = PBXFileReference; fileEncoding = 4; lastKnownFileType = sourcecode.swift; name = DeviceTableViewCell.swift; path = Controller/ScanningViewController/CellDevice/DeviceTableViewCell.swift; sourceTree = "<group>"; };
		368766121EFCA470004082DB /* DeviceTableViewCell.xib */ = {isa = PBXFileReference; fileEncoding = 4; lastKnownFileType = file.xib; name = DeviceTableViewCell.xib; path = Controller/ScanningViewController/CellDevice/DeviceTableViewCell.xib; sourceTree = "<group>"; };
		368C460B1F21864B008D2CEB /* ListSongsViewController.swift */ = {isa = PBXFileReference; fileEncoding = 4; lastKnownFileType = sourcecode.swift; path = ListSongsViewController.swift; sourceTree = "<group>"; };
		368C460C1F21864B008D2CEB /* ListSongsViewController.xib */ = {isa = PBXFileReference; fileEncoding = 4; lastKnownFileType = file.xib; path = ListSongsViewController.xib; sourceTree = "<group>"; };
		368C46101F21867F008D2CEB /* SongTableViewCell.swift */ = {isa = PBXFileReference; fileEncoding = 4; lastKnownFileType = sourcecode.swift; path = SongTableViewCell.swift; sourceTree = "<group>"; };
		368C46111F21867F008D2CEB /* SongTableViewCell.xib */ = {isa = PBXFileReference; fileEncoding = 4; lastKnownFileType = file.xib; path = SongTableViewCell.xib; sourceTree = "<group>"; };
		368C46141F218F71008D2CEB /* MediaPlayer.framework */ = {isa = PBXFileReference; lastKnownFileType = wrapper.framework; name = MediaPlayer.framework; path = System/Library/Frameworks/MediaPlayer.framework; sourceTree = SDKROOT; };
		368C46151F218F71008D2CEB /* MediaToolbox.framework */ = {isa = PBXFileReference; lastKnownFileType = wrapper.framework; name = MediaToolbox.framework; path = System/Library/Frameworks/MediaToolbox.framework; sourceTree = SDKROOT; };
		368C46181F218F78008D2CEB /* AudioToolbox.framework */ = {isa = PBXFileReference; lastKnownFileType = wrapper.framework; name = AudioToolbox.framework; path = System/Library/Frameworks/AudioToolbox.framework; sourceTree = SDKROOT; };
		368C461B1F21CF0D008D2CEB /* RecordingViewController.swift */ = {isa = PBXFileReference; fileEncoding = 4; lastKnownFileType = sourcecode.swift; path = RecordingViewController.swift; sourceTree = "<group>"; };
		368C461C1F21CF0D008D2CEB /* RecordingViewController.xib */ = {isa = PBXFileReference; fileEncoding = 4; lastKnownFileType = file.xib; path = RecordingViewController.xib; sourceTree = "<group>"; };
		368F21121F15B29000730DD7 /* DesignableSlider.swift */ = {isa = PBXFileReference; fileEncoding = 4; lastKnownFileType = sourcecode.swift; path = DesignableSlider.swift; sourceTree = "<group>"; };
		3693096F1F2092B300A0D127 /* TypeButton.swift */ = {isa = PBXFileReference; fileEncoding = 4; lastKnownFileType = sourcecode.swift; path = TypeButton.swift; sourceTree = "<group>"; };
		36E1C72D1F0CC46E00B84C04 /* ExternalAccessory.framework */ = {isa = PBXFileReference; lastKnownFileType = wrapper.framework; name = ExternalAccessory.framework; path = System/Library/Frameworks/ExternalAccessory.framework; sourceTree = SDKROOT; };
		36EBE2FE1F25942D002D6F1A /* AudioPlayerManager.swift */ = {isa = PBXFileReference; fileEncoding = 4; lastKnownFileType = sourcecode.swift; path = AudioPlayerManager.swift; sourceTree = "<group>"; };
		36F70DFA1F05F01A006429A2 /* ControllerViewController.swift */ = {isa = PBXFileReference; fileEncoding = 4; lastKnownFileType = sourcecode.swift; path = ControllerViewController.swift; sourceTree = "<group>"; };
		36F70DFB1F05F01A006429A2 /* ControllerViewController.xib */ = {isa = PBXFileReference; fileEncoding = 4; lastKnownFileType = file.xib; path = ControllerViewController.xib; sourceTree = "<group>"; };
		7EAC291DF4C738EF5F3B82C1 /* Pods_BLEProject.framework */ = {isa = PBXFileReference; explicitFileType = wrapper.framework; includeInIndex = 0; path = Pods_BLEProject.framework; sourceTree = BUILT_PRODUCTS_DIR; };
		CA42912CB5FE2CB9D8D061B8 /* Pods-BLEProject.release.xcconfig */ = {isa = PBXFileReference; includeInIndex = 1; lastKnownFileType = text.xcconfig; name = "Pods-BLEProject.release.xcconfig"; path = "Pods/Target Support Files/Pods-BLEProject/Pods-BLEProject.release.xcconfig"; sourceTree = "<group>"; };
/* End PBXFileReference section */

/* Begin PBXFrameworksBuildPhase section */
		368765EF1EFC9E77004082DB /* Frameworks */ = {
			isa = PBXFrameworksBuildPhase;
			buildActionMask = 2147483647;
			files = (
				368C46191F218F78008D2CEB /* AudioToolbox.framework in Frameworks */,
				368C46161F218F71008D2CEB /* MediaPlayer.framework in Frameworks */,
				368C46171F218F71008D2CEB /* MediaToolbox.framework in Frameworks */,
				36E1C72E1F0CC46E00B84C04 /* ExternalAccessory.framework in Frameworks */,
				05BBA3EF1F316C8662A13FE8 /* Pods_BLEProject.framework in Frameworks */,
			);
			runOnlyForDeploymentPostprocessing = 0;
		};
/* End PBXFrameworksBuildPhase section */

/* Begin PBXGroup section */
		2461086DFDFC9B06BDFC561B /* Frameworks */ = {
			isa = PBXGroup;
			children = (
				368C46181F218F78008D2CEB /* AudioToolbox.framework */,
				368C46141F218F71008D2CEB /* MediaPlayer.framework */,
				368C46151F218F71008D2CEB /* MediaToolbox.framework */,
				36E1C72D1F0CC46E00B84C04 /* ExternalAccessory.framework */,
				7EAC291DF4C738EF5F3B82C1 /* Pods_BLEProject.framework */,
			);
			name = Frameworks;
			sourceTree = "<group>";
		};
		3618801F1F21E3B700DC5CEF /* AudioRecorderManager */ = {
			isa = PBXGroup;
			children = (
				361880201F21E3CC00DC5CEF /* AudioRecorderManager.swift */,
			);
			name = AudioRecorderManager;
			sourceTree = "<group>";
		};
		363A04231F0357F500788FE9 /* DisplayVC */ = {
			isa = PBXGroup;
			children = (
				363A04241F03580700788FE9 /* DisplayViewController.swift */,
				363A04251F03580700788FE9 /* DisplayViewController.xib */,
			);
			name = DisplayVC;
			sourceTree = "<group>";
		};
		363B5AB81F16F9DC00F30D3F /* PopUpSetUp */ = {
			isa = PBXGroup;
			children = (
				363B5AB91F16FA0700F30D3F /* PopUpSetUpViewController.swift */,
				363B5ABA1F16FA0700F30D3F /* PopUpSetUpViewController.xib */,
				363B5ABD1F16FA9100F30D3F /* SettingTableViewCell.swift */,
				363B5ABE1F16FA9100F30D3F /* SettingTableViewCell.xib */,
			);
			name = PopUpSetUp;
			sourceTree = "<group>";
		};
		3640D1961F02364C001415F0 /* TestVC  */ = {
			isa = PBXGroup;
			children = (
				3640D1971F023667001415F0 /* TestingViewController.swift */,
				3640D1981F023667001415F0 /* TestingViewController.xib */,
			);
			name = "TestVC ";
			sourceTree = "<group>";
		};
		3640D19B1F0241F8001415F0 /* Extension */ = {
			isa = PBXGroup;
			children = (
				363A042A1F037ADC00788FE9 /* UIColor-Hex-Swift.swift */,
				363A042B1F037ADC00788FE9 /* UIView+IBInspectable.swift */,
				363A042C1F037ADC00788FE9 /* UIView+IRAnimation.swift */,
				368F21121F15B29000730DD7 /* DesignableSlider.swift */,
			);
			name = Extension;
			sourceTree = "<group>";
		};
		3663C1161F0B3B5E00E5F76E /* ControlButtonVC */ = {
			isa = PBXGroup;
			children = (
				363B5AB81F16F9DC00F30D3F /* PopUpSetUp */,
				3663C11B1F0B417A00E5F76E /* PopUpVC */,
				3663C1171F0B3B7000E5F76E /* ControllButtonViewController.swift */,
				3663C1181F0B3B7000E5F76E /* ControllButtonViewController.xib */,
				364A97A81F1458DA0053D948 /* UIController.xib */,
				364A97AA1F1462CB0053D948 /* UIController.swift */,
				3693096F1F2092B300A0D127 /* TypeButton.swift */,
			);
			name = ControlButtonVC;
			sourceTree = "<group>";
		};
		3663C11B1F0B417A00E5F76E /* PopUpVC */ = {
			isa = PBXGroup;
			children = (
				3663C11C1F0B42A300E5F76E /* PopUpViewController.swift */,
				3663C11D1F0B42A300E5F76E /* PopUpViewController.xib */,
				3663C1201F0B468900E5F76E /* TmpValue.swift */,
			);
			name = PopUpVC;
			sourceTree = "<group>";
		};
		368765E91EFC9E77004082DB = {
			isa = PBXGroup;
			children = (
				368765F41EFC9E77004082DB /* BLEProject */,
				368765F31EFC9E77004082DB /* Products */,
				515AFCFE270B9965A8544320 /* Pods */,
				2461086DFDFC9B06BDFC561B /* Frameworks */,
			);
			sourceTree = "<group>";
		};
		368765F31EFC9E77004082DB /* Products */ = {
			isa = PBXGroup;
			children = (
				368765F21EFC9E77004082DB /* BLEProject.app */,
			);
			name = Products;
			sourceTree = "<group>";
		};
		368765F41EFC9E77004082DB /* BLEProject */ = {
			isa = PBXGroup;
			children = (
				3640D19B1F0241F8001415F0 /* Extension */,
				368766081EFC9EF3004082DB /* Model */,
				368766071EFC9EEC004082DB /* Controller */,
				368765F51EFC9E77004082DB /* AppDelegate.swift */,
				368765F71EFC9E77004082DB /* ViewController.swift */,
				368765F91EFC9E77004082DB /* Main.storyboard */,
				368765FC1EFC9E77004082DB /* Assets.xcassets */,
				368765FE1EFC9E77004082DB /* LaunchScreen.storyboard */,
				368766011EFC9E77004082DB /* Info.plist */,
			);
			path = BLEProject;
			sourceTree = "<group>";
		};
		368766071EFC9EEC004082DB /* Controller */ = {
			isa = PBXGroup;
			children = (
				368C461A1F21CEF5008D2CEB /* RecordViewController */,
				369309711F20A6E200A0D127 /* ListSongController */,
				3663C1161F0B3B5E00E5F76E /* ControlButtonVC */,
				36F70DF91F05F006006429A2 /* ControllerVC */,
				363A04231F0357F500788FE9 /* DisplayVC */,
				3687660D1EFC9F1D004082DB /* ScanningVC */,
				3687660E1EFC9FA6004082DB /* BaseViewController.swift */,
				3663C1121F0B212800E5F76E /* MainViewController.swift */,
				3663C1131F0B212800E5F76E /* MainViewController.xib */,
			);
			name = Controller;
			sourceTree = "<group>";
		};
		368766081EFC9EF3004082DB /* Model */ = {
			isa = PBXGroup;
			children = (
			);
			name = Model;
			sourceTree = "<group>";
		};
		3687660D1EFC9F1D004082DB /* ScanningVC */ = {
			isa = PBXGroup;
			children = (
				3640D1961F02364C001415F0 /* TestVC  */,
				368766101EFCA430004082DB /* CellDevice */,
				368766091EFC9F18004082DB /* ScanningViewController.swift */,
				3687660A1EFC9F18004082DB /* ScanningViewController.xib */,
			);
			name = ScanningVC;
			sourceTree = "<group>";
		};
		368766101EFCA430004082DB /* CellDevice */ = {
			isa = PBXGroup;
			children = (
				368766111EFCA470004082DB /* DeviceTableViewCell.swift */,
				368766121EFCA470004082DB /* DeviceTableViewCell.xib */,
			);
			name = CellDevice;
			sourceTree = "<group>";
		};
		368C460F1F21866E008D2CEB /* SongCell */ = {
			isa = PBXGroup;
			children = (
				368C46101F21867F008D2CEB /* SongTableViewCell.swift */,
				368C46111F21867F008D2CEB /* SongTableViewCell.xib */,
			);
			name = SongCell;
			sourceTree = "<group>";
		};
		368C461A1F21CEF5008D2CEB /* RecordViewController */ = {
			isa = PBXGroup;
			children = (
				3618801F1F21E3B700DC5CEF /* AudioRecorderManager */,
				368C461B1F21CF0D008D2CEB /* RecordingViewController.swift */,
				36EBE2FE1F25942D002D6F1A /* AudioPlayerManager.swift */,
				368C461C1F21CF0D008D2CEB /* RecordingViewController.xib */,
			);
			name = RecordViewController;
			sourceTree = "<group>";
		};
		369309711F20A6E200A0D127 /* ListSongController */ = {
			isa = PBXGroup;
			children = (
				368C460F1F21866E008D2CEB /* SongCell */,
				368C460B1F21864B008D2CEB /* ListSongsViewController.swift */,
				368C460C1F21864B008D2CEB /* ListSongsViewController.xib */,
			);
			name = ListSongController;
			sourceTree = "<group>";
		};
		36F70DF91F05F006006429A2 /* ControllerVC */ = {
			isa = PBXGroup;
			children = (
				36F70DFA1F05F01A006429A2 /* ControllerViewController.swift */,
				36F70DFB1F05F01A006429A2 /* ControllerViewController.xib */,
			);
			name = ControllerVC;
			sourceTree = "<group>";
		};
		515AFCFE270B9965A8544320 /* Pods */ = {
			isa = PBXGroup;
			children = (
				1F130F43912325E999BFEFED /* Pods-BLEProject.debug.xcconfig */,
				CA42912CB5FE2CB9D8D061B8 /* Pods-BLEProject.release.xcconfig */,
			);
			name = Pods;
			sourceTree = "<group>";
		};
/* End PBXGroup section */

/* Begin PBXNativeTarget section */
		368765F11EFC9E77004082DB /* BLEProject */ = {
			isa = PBXNativeTarget;
			buildConfigurationList = 368766041EFC9E77004082DB /* Build configuration list for PBXNativeTarget "BLEProject" */;
			buildPhases = (
				EAA56FCF2486522C9DA1D644 /* [CP] Check Pods Manifest.lock */,
				368765EE1EFC9E77004082DB /* Sources */,
				368765EF1EFC9E77004082DB /* Frameworks */,
				368765F01EFC9E77004082DB /* Resources */,
				EDCA1C2D8DAC19C2DF494A70 /* [CP] Embed Pods Frameworks */,
				14E035181CABCE2B09E41937 /* [CP] Copy Pods Resources */,
			);
			buildRules = (
			);
			dependencies = (
			);
			name = BLEProject;
			productName = BLEProject;
			productReference = 368765F21EFC9E77004082DB /* BLEProject.app */;
			productType = "com.apple.product-type.application";
		};
/* End PBXNativeTarget section */

/* Begin PBXProject section */
		368765EA1EFC9E77004082DB /* Project object */ = {
			isa = PBXProject;
			attributes = {
				LastSwiftUpdateCheck = 0830;
				LastUpgradeCheck = 0830;
				ORGANIZATIONNAME = "Anh Tuan";
				TargetAttributes = {
					368765F11EFC9E77004082DB = {
						CreatedOnToolsVersion = 8.3.3;
						DevelopmentTeam = 77G8PUN44T;
						ProvisioningStyle = Automatic;
					};
				};
			};
			buildConfigurationList = 368765ED1EFC9E77004082DB /* Build configuration list for PBXProject "BLEProject" */;
			compatibilityVersion = "Xcode 3.2";
			developmentRegion = English;
			hasScannedForEncodings = 0;
			knownRegions = (
				en,
				Base,
			);
			mainGroup = 368765E91EFC9E77004082DB;
			productRefGroup = 368765F31EFC9E77004082DB /* Products */;
			projectDirPath = "";
			projectRoot = "";
			targets = (
				368765F11EFC9E77004082DB /* BLEProject */,
			);
		};
/* End PBXProject section */

/* Begin PBXResourcesBuildPhase section */
		368765F01EFC9E77004082DB /* Resources */ = {
			isa = PBXResourcesBuildPhase;
			buildActionMask = 2147483647;
			files = (
				368C46131F21867F008D2CEB /* SongTableViewCell.xib in Resources */,
				363B5ABC1F16FA0700F30D3F /* PopUpSetUpViewController.xib in Resources */,
				36F70DFD1F05F01B006429A2 /* ControllerViewController.xib in Resources */,
				368766001EFC9E77004082DB /* LaunchScreen.storyboard in Resources */,
				3640D19A1F023667001415F0 /* TestingViewController.xib in Resources */,
				363A04271F03580700788FE9 /* DisplayViewController.xib in Resources */,
				3663C11A1F0B3B7000E5F76E /* ControllButtonViewController.xib in Resources */,
				3663C1151F0B212800E5F76E /* MainViewController.xib in Resources */,
				3663C11F1F0B42A300E5F76E /* PopUpViewController.xib in Resources */,
				364A97A91F1458DA0053D948 /* UIController.xib in Resources */,
				368C460E1F21864B008D2CEB /* ListSongsViewController.xib in Resources */,
				368765FD1EFC9E77004082DB /* Assets.xcassets in Resources */,
				368C461E1F21CF0D008D2CEB /* RecordingViewController.xib in Resources */,
				368765FB1EFC9E77004082DB /* Main.storyboard in Resources */,
				3687660C1EFC9F18004082DB /* ScanningViewController.xib in Resources */,
				363B5AC01F16FA9100F30D3F /* SettingTableViewCell.xib in Resources */,
				368766141EFCA470004082DB /* DeviceTableViewCell.xib in Resources */,
			);
			runOnlyForDeploymentPostprocessing = 0;
		};
/* End PBXResourcesBuildPhase section */

/* Begin PBXShellScriptBuildPhase section */
		14E035181CABCE2B09E41937 /* [CP] Copy Pods Resources */ = {
			isa = PBXShellScriptBuildPhase;
			buildActionMask = 2147483647;
			files = (
			);
			inputPaths = (
			);
			name = "[CP] Copy Pods Resources";
			outputPaths = (
			);
			runOnlyForDeploymentPostprocessing = 0;
			shellPath = /bin/sh;
			shellScript = "\"${SRCROOT}/Pods/Target Support Files/Pods-BLEProject/Pods-BLEProject-resources.sh\"\n";
			showEnvVarsInLog = 0;
		};
		EAA56FCF2486522C9DA1D644 /* [CP] Check Pods Manifest.lock */ = {
			isa = PBXShellScriptBuildPhase;
			buildActionMask = 2147483647;
			files = (
			);
			inputPaths = (
			);
			name = "[CP] Check Pods Manifest.lock";
			outputPaths = (
			);
			runOnlyForDeploymentPostprocessing = 0;
			shellPath = /bin/sh;
			shellScript = "diff \"${PODS_ROOT}/../Podfile.lock\" \"${PODS_ROOT}/Manifest.lock\" > /dev/null\nif [ $? != 0 ] ; then\n    # print error to STDERR\n    echo \"error: The sandbox is not in sync with the Podfile.lock. Run 'pod install' or update your CocoaPods installation.\" >&2\n    exit 1\nfi\n";
			showEnvVarsInLog = 0;
		};
		EDCA1C2D8DAC19C2DF494A70 /* [CP] Embed Pods Frameworks */ = {
			isa = PBXShellScriptBuildPhase;
			buildActionMask = 2147483647;
			files = (
			);
			inputPaths = (
			);
			name = "[CP] Embed Pods Frameworks";
			outputPaths = (
			);
			runOnlyForDeploymentPostprocessing = 0;
			shellPath = /bin/sh;
			shellScript = "\"${SRCROOT}/Pods/Target Support Files/Pods-BLEProject/Pods-BLEProject-frameworks.sh\"\n";
			showEnvVarsInLog = 0;
		};
/* End PBXShellScriptBuildPhase section */

/* Begin PBXSourcesBuildPhase section */
		368765EE1EFC9E77004082DB /* Sources */ = {
			isa = PBXSourcesBuildPhase;
			buildActionMask = 2147483647;
			files = (
				368766131EFCA470004082DB /* DeviceTableViewCell.swift in Sources */,
				368765F81EFC9E77004082DB /* ViewController.swift in Sources */,
				3687660F1EFC9FA6004082DB /* BaseViewController.swift in Sources */,
				368C460D1F21864B008D2CEB /* ListSongsViewController.swift in Sources */,
				3663C1141F0B212800E5F76E /* MainViewController.swift in Sources */,
				363A042D1F037ADC00788FE9 /* UIColor-Hex-Swift.swift in Sources */,
				36EBE2FF1F25942D002D6F1A /* AudioPlayerManager.swift in Sources */,
				3640D1991F023667001415F0 /* TestingViewController.swift in Sources */,
				3687660B1EFC9F18004082DB /* ScanningViewController.swift in Sources */,
				363A042E1F037ADC00788FE9 /* UIView+IBInspectable.swift in Sources */,
				368F21131F15B29000730DD7 /* DesignableSlider.swift in Sources */,
				363A04261F03580700788FE9 /* DisplayViewController.swift in Sources */,
				3663C11E1F0B42A300E5F76E /* PopUpViewController.swift in Sources */,
				36F70DFC1F05F01B006429A2 /* ControllerViewController.swift in Sources */,
				363B5ABF1F16FA9100F30D3F /* SettingTableViewCell.swift in Sources */,
				368C46121F21867F008D2CEB /* SongTableViewCell.swift in Sources */,
				369309701F2092B300A0D127 /* TypeButton.swift in Sources */,
				361880211F21E3CC00DC5CEF /* AudioRecorderManager.swift in Sources */,
				363A042F1F037ADC00788FE9 /* UIView+IRAnimation.swift in Sources */,
				363B5ABB1F16FA0700F30D3F /* PopUpSetUpViewController.swift in Sources */,
				368765F61EFC9E77004082DB /* AppDelegate.swift in Sources */,
				3663C1211F0B468900E5F76E /* TmpValue.swift in Sources */,
				3663C1191F0B3B7000E5F76E /* ControllButtonViewController.swift in Sources */,
				368C461D1F21CF0D008D2CEB /* RecordingViewController.swift in Sources */,
				364A97AB1F1462CB0053D948 /* UIController.swift in Sources */,
			);
			runOnlyForDeploymentPostprocessing = 0;
		};
/* End PBXSourcesBuildPhase section */

/* Begin PBXVariantGroup section */
		368765F91EFC9E77004082DB /* Main.storyboard */ = {
			isa = PBXVariantGroup;
			children = (
				368765FA1EFC9E77004082DB /* Base */,
			);
			name = Main.storyboard;
			sourceTree = "<group>";
		};
		368765FE1EFC9E77004082DB /* LaunchScreen.storyboard */ = {
			isa = PBXVariantGroup;
			children = (
				368765FF1EFC9E77004082DB /* Base */,
			);
			name = LaunchScreen.storyboard;
			sourceTree = "<group>";
		};
/* End PBXVariantGroup section */

/* Begin XCBuildConfiguration section */
		368766021EFC9E77004082DB /* Debug */ = {
			isa = XCBuildConfiguration;
			buildSettings = {
				ALWAYS_SEARCH_USER_PATHS = NO;
				CLANG_ANALYZER_NONNULL = YES;
				CLANG_ANALYZER_NUMBER_OBJECT_CONVERSION = YES_AGGRESSIVE;
				CLANG_CXX_LANGUAGE_STANDARD = "gnu++0x";
				CLANG_CXX_LIBRARY = "libc++";
				CLANG_ENABLE_MODULES = YES;
				CLANG_ENABLE_OBJC_ARC = YES;
				CLANG_WARN_BOOL_CONVERSION = YES;
				CLANG_WARN_CONSTANT_CONVERSION = YES;
				CLANG_WARN_DIRECT_OBJC_ISA_USAGE = YES_ERROR;
				CLANG_WARN_DOCUMENTATION_COMMENTS = YES;
				CLANG_WARN_EMPTY_BODY = YES;
				CLANG_WARN_ENUM_CONVERSION = YES;
				CLANG_WARN_INFINITE_RECURSION = YES;
				CLANG_WARN_INT_CONVERSION = YES;
				CLANG_WARN_OBJC_ROOT_CLASS = YES_ERROR;
				CLANG_WARN_SUSPICIOUS_MOVE = YES;
				CLANG_WARN_UNREACHABLE_CODE = YES;
				CLANG_WARN__DUPLICATE_METHOD_MATCH = YES;
				"CODE_SIGN_IDENTITY[sdk=iphoneos*]" = "iPhone Developer";
				COPY_PHASE_STRIP = NO;
				DEBUG_INFORMATION_FORMAT = dwarf;
				ENABLE_STRICT_OBJC_MSGSEND = YES;
				ENABLE_TESTABILITY = YES;
				GCC_C_LANGUAGE_STANDARD = gnu99;
				GCC_DYNAMIC_NO_PIC = NO;
				GCC_NO_COMMON_BLOCKS = YES;
				GCC_OPTIMIZATION_LEVEL = 0;
				GCC_PREPROCESSOR_DEFINITIONS = (
					"DEBUG=1",
					"$(inherited)",
				);
				GCC_WARN_64_TO_32_BIT_CONVERSION = YES;
				GCC_WARN_ABOUT_RETURN_TYPE = YES_ERROR;
				GCC_WARN_UNDECLARED_SELECTOR = YES;
				GCC_WARN_UNINITIALIZED_AUTOS = YES_AGGRESSIVE;
				GCC_WARN_UNUSED_FUNCTION = YES;
				GCC_WARN_UNUSED_VARIABLE = YES;
				IPHONEOS_DEPLOYMENT_TARGET = 10.3;
				MTL_ENABLE_DEBUG_INFO = YES;
				ONLY_ACTIVE_ARCH = YES;
				SDKROOT = iphoneos;
				SWIFT_ACTIVE_COMPILATION_CONDITIONS = DEBUG;
				SWIFT_OPTIMIZATION_LEVEL = "-Onone";
				TARGETED_DEVICE_FAMILY = "1,2";
			};
			name = Debug;
		};
		368766031EFC9E77004082DB /* Release */ = {
			isa = XCBuildConfiguration;
			buildSettings = {
				ALWAYS_SEARCH_USER_PATHS = NO;
				CLANG_ANALYZER_NONNULL = YES;
				CLANG_ANALYZER_NUMBER_OBJECT_CONVERSION = YES_AGGRESSIVE;
				CLANG_CXX_LANGUAGE_STANDARD = "gnu++0x";
				CLANG_CXX_LIBRARY = "libc++";
				CLANG_ENABLE_MODULES = YES;
				CLANG_ENABLE_OBJC_ARC = YES;
				CLANG_WARN_BOOL_CONVERSION = YES;
				CLANG_WARN_CONSTANT_CONVERSION = YES;
				CLANG_WARN_DIRECT_OBJC_ISA_USAGE = YES_ERROR;
				CLANG_WARN_DOCUMENTATION_COMMENTS = YES;
				CLANG_WARN_EMPTY_BODY = YES;
				CLANG_WARN_ENUM_CONVERSION = YES;
				CLANG_WARN_INFINITE_RECURSION = YES;
				CLANG_WARN_INT_CONVERSION = YES;
				CLANG_WARN_OBJC_ROOT_CLASS = YES_ERROR;
				CLANG_WARN_SUSPICIOUS_MOVE = YES;
				CLANG_WARN_UNREACHABLE_CODE = YES;
				CLANG_WARN__DUPLICATE_METHOD_MATCH = YES;
				"CODE_SIGN_IDENTITY[sdk=iphoneos*]" = "iPhone Developer";
				COPY_PHASE_STRIP = NO;
				DEBUG_INFORMATION_FORMAT = "dwarf-with-dsym";
				ENABLE_NS_ASSERTIONS = NO;
				ENABLE_STRICT_OBJC_MSGSEND = YES;
				GCC_C_LANGUAGE_STANDARD = gnu99;
				GCC_NO_COMMON_BLOCKS = YES;
				GCC_WARN_64_TO_32_BIT_CONVERSION = YES;
				GCC_WARN_ABOUT_RETURN_TYPE = YES_ERROR;
				GCC_WARN_UNDECLARED_SELECTOR = YES;
				GCC_WARN_UNINITIALIZED_AUTOS = YES_AGGRESSIVE;
				GCC_WARN_UNUSED_FUNCTION = YES;
				GCC_WARN_UNUSED_VARIABLE = YES;
				IPHONEOS_DEPLOYMENT_TARGET = 10.3;
				MTL_ENABLE_DEBUG_INFO = NO;
				SDKROOT = iphoneos;
				SWIFT_OPTIMIZATION_LEVEL = "-Owholemodule";
				TARGETED_DEVICE_FAMILY = "1,2";
				VALIDATE_PRODUCT = YES;
			};
			name = Release;
		};
		368766051EFC9E77004082DB /* Debug */ = {
			isa = XCBuildConfiguration;
			baseConfigurationReference = 1F130F43912325E999BFEFED /* Pods-BLEProject.debug.xcconfig */;
			buildSettings = {
				ASSETCATALOG_COMPILER_APPICON_NAME = AppIcon;
				DEVELOPMENT_TEAM = 77G8PUN44T;
				INFOPLIST_FILE = BLEProject/Info.plist;
				IPHONEOS_DEPLOYMENT_TARGET = 8.0;
				LD_RUNPATH_SEARCH_PATHS = "$(inherited) @executable_path/Frameworks";
				PRODUCT_BUNDLE_IDENTIFIER = com.anhtuan.BLEProject;
				PRODUCT_NAME = "$(TARGET_NAME)";
				SWIFT_VERSION = 3.0;
			};
			name = Debug;
		};
		368766061EFC9E77004082DB /* Release */ = {
			isa = XCBuildConfiguration;
			baseConfigurationReference = CA42912CB5FE2CB9D8D061B8 /* Pods-BLEProject.release.xcconfig */;
			buildSettings = {
				ASSETCATALOG_COMPILER_APPICON_NAME = AppIcon;
				DEVELOPMENT_TEAM = 77G8PUN44T;
				INFOPLIST_FILE = BLEProject/Info.plist;
				IPHONEOS_DEPLOYMENT_TARGET = 8.0;
				LD_RUNPATH_SEARCH_PATHS = "$(inherited) @executable_path/Frameworks";
				PRODUCT_BUNDLE_IDENTIFIER = com.anhtuan.BLEProject;
				PRODUCT_NAME = "$(TARGET_NAME)";
				SWIFT_VERSION = 3.0;
			};
			name = Release;
		};
/* End XCBuildConfiguration section */

/* Begin XCConfigurationList section */
		368765ED1EFC9E77004082DB /* Build configuration list for PBXProject "BLEProject" */ = {
			isa = XCConfigurationList;
			buildConfigurations = (
				368766021EFC9E77004082DB /* Debug */,
				368766031EFC9E77004082DB /* Release */,
			);
			defaultConfigurationIsVisible = 0;
			defaultConfigurationName = Release;
		};
		368766041EFC9E77004082DB /* Build configuration list for PBXNativeTarget "BLEProject" */ = {
			isa = XCConfigurationList;
			buildConfigurations = (
				368766051EFC9E77004082DB /* Debug */,
				368766061EFC9E77004082DB /* Release */,
			);
			defaultConfigurationIsVisible = 0;
			defaultConfigurationName = Release;
		};
/* End XCConfigurationList section */
	};
	rootObject = 368765EA1EFC9E77004082DB /* Project object */;
}
